// !$*UTF8*$!
{
	archiveVersion = 1;
	classes = {
	};
	objectVersion = 56;
	objects = {

/* Begin PBXBuildFile section */
		1E3E13322DE5D14F00781B24 /* ScoreCell.swift in Sources */ = {isa = PBXBuildFile; fileRef = 1E3E13312DE5D14F00781B24 /* ScoreCell.swift */; };
		1E3E13342DE5D59200781B24 /* TotalScoreCell.swift in Sources */ = {isa = PBXBuildFile; fileRef = 1E3E13332DE5D59200781B24 /* TotalScoreCell.swift */; };
		1E3E13362DE5FFBA00781B24 /* RoundPersistence.swift in Sources */ = {isa = PBXBuildFile; fileRef = 1E3E13352DE5FFBA00781B24 /* RoundPersistence.swift */; };
		1E3E13382DE71AEA00781B24 /* MainTabView.swift in Sources */ = {isa = PBXBuildFile; fileRef = 1E3E13372DE71AEA00781B24 /* MainTabView.swift */; };
		1E3E133A2DE71D4400781B24 /* HomeView.swift in Sources */ = {isa = PBXBuildFile; fileRef = 1E3E13392DE71D4400781B24 /* HomeView.swift */; };
		1E3E133C2DE87CF500781B24 /* CompanionStorage.swift in Sources */ = {isa = PBXBuildFile; fileRef = 1E3E133B2DE87CF500781B24 /* CompanionStorage.swift */; };
		1E3E13402DE8913A00781B24 /* WCSessionManager.swift in Sources */ = {isa = PBXBuildFile; fileRef = 1E3E133F2DE8913A00781B24 /* WCSessionManager.swift */; };
		1E3E13432DE89C2100781B24 /* AppModel.swift in Sources */ = {isa = PBXBuildFile; fileRef = 1E3E13422DE89C2100781B24 /* AppModel.swift */; };
		1E3E13462DE89CB000781B24 /* WatchWCSessionManager.swift in Sources */ = {isa = PBXBuildFile; fileRef = 1E3E13452DE89CB000781B24 /* WatchWCSessionManager.swift */; };
		1E83D2F42DDB5ABC007A76B8 /* ScoreListView.swift in Sources */ = {isa = PBXBuildFile; fileRef = 1E83D2F32DDB5ABC007A76B8 /* ScoreListView.swift */; };
		1E83D2F62DDB65BD007A76B8 /* RoundStorage.swift in Sources */ = {isa = PBXBuildFile; fileRef = 1E83D2F52DDB65BD007A76B8 /* RoundStorage.swift */; };
		1E83D2F72DDB65BD007A76B8 /* RoundStorage.swift in Sources */ = {isa = PBXBuildFile; fileRef = 1E83D2F52DDB65BD007A76B8 /* RoundStorage.swift */; };
		1E83D2F92DDB6676007A76B8 /* HistoryView.swift in Sources */ = {isa = PBXBuildFile; fileRef = 1E83D2F82DDB6676007A76B8 /* HistoryView.swift */; };
		1E83D2FE2DDC08C8007A76B8 /* WatchScoreInputView.swift in Sources */ = {isa = PBXBuildFile; fileRef = 1E83D2FC2DDC08C8007A76B8 /* WatchScoreInputView.swift */; };
		1E92BCD12DEA0DF400E73B3A /* HoleScorePageView.swift in Sources */ = {isa = PBXBuildFile; fileRef = 1E92BCD02DEA0DF400E73B3A /* HoleScorePageView.swift */; };
		1E94BEEB2DD9D297004774F9 /* GolfScoreAppApp.swift in Sources */ = {isa = PBXBuildFile; fileRef = 1E94BEEA2DD9D297004774F9 /* GolfScoreAppApp.swift */; };
		1E94BEED2DD9D297004774F9 /* ContentView.swift in Sources */ = {isa = PBXBuildFile; fileRef = 1E94BEEC2DD9D297004774F9 /* ContentView.swift */; };
		1E94BEEF2DD9D299004774F9 /* Assets.xcassets in Resources */ = {isa = PBXBuildFile; fileRef = 1E94BEEE2DD9D299004774F9 /* Assets.xcassets */; };
		1E94BEF22DD9D299004774F9 /* Preview Assets.xcassets in Resources */ = {isa = PBXBuildFile; fileRef = 1E94BEF12DD9D299004774F9 /* Preview Assets.xcassets */; };
		1E94BEF82DD9D299004774F9 /* GolfScoreApp Watch App.app in Embed Watch Content */ = {isa = PBXBuildFile; fileRef = 1E94BEF72DD9D299004774F9 /* GolfScoreApp Watch App.app */; settings = {ATTRIBUTES = (RemoveHeadersOnCopy, ); }; };
		1E94BEFD2DD9D299004774F9 /* GolfScoreAppApp.swift in Sources */ = {isa = PBXBuildFile; fileRef = 1E94BEFC2DD9D299004774F9 /* GolfScoreAppApp.swift */; };
		1E94BEFF2DD9D299004774F9 /* ContentView.swift in Sources */ = {isa = PBXBuildFile; fileRef = 1E94BEFE2DD9D299004774F9 /* ContentView.swift */; };
		1E94BF012DD9D299004774F9 /* Assets.xcassets in Resources */ = {isa = PBXBuildFile; fileRef = 1E94BF002DD9D299004774F9 /* Assets.xcassets */; };
		1E94BF042DD9D299004774F9 /* Preview Assets.xcassets in Resources */ = {isa = PBXBuildFile; fileRef = 1E94BF032DD9D299004774F9 /* Preview Assets.xcassets */; };
		1E9EB35E2DDB50DE00396315 /* Models.swift in Sources */ = {isa = PBXBuildFile; fileRef = 1E9EB35D2DDB50DE00396315 /* Models.swift */; };
		1E9EB35F2DDB50DE00396315 /* Models.swift in Sources */ = {isa = PBXBuildFile; fileRef = 1E9EB35D2DDB50DE00396315 /* Models.swift */; };
		1E9EB3622DDB51BE00396315 /* RoundSetupView.swift in Sources */ = {isa = PBXBuildFile; fileRef = 1E9EB3612DDB51BE00396315 /* RoundSetupView.swift */; };
		1E9EB3642DDB565900396315 /* ScoreInputView.swift in Sources */ = {isa = PBXBuildFile; fileRef = 1E9EB3632DDB565800396315 /* ScoreInputView.swift */; };
/* End PBXBuildFile section */

/* Begin PBXContainerItemProxy section */
		1E94BEF92DD9D299004774F9 /* PBXContainerItemProxy */ = {
			isa = PBXContainerItemProxy;
			containerPortal = 1E94BEDF2DD9D296004774F9 /* Project object */;
			proxyType = 1;
			remoteGlobalIDString = 1E94BEF62DD9D299004774F9;
			remoteInfo = "GolfScoreApp Watch App";
		};
/* End PBXContainerItemProxy section */

/* Begin PBXCopyFilesBuildPhase section */
		1E94BF0A2DD9D299004774F9 /* Embed Watch Content */ = {
			isa = PBXCopyFilesBuildPhase;
			buildActionMask = 2147483647;
			dstPath = "$(CONTENTS_FOLDER_PATH)/Watch";
			dstSubfolderSpec = 16;
			files = (
				1E94BEF82DD9D299004774F9 /* GolfScoreApp Watch App.app in Embed Watch Content */,
			);
			name = "Embed Watch Content";
			runOnlyForDeploymentPostprocessing = 0;
		};
/* End PBXCopyFilesBuildPhase section */

/* Begin PBXFileReference section */
		1E3E13312DE5D14F00781B24 /* ScoreCell.swift */ = {isa = PBXFileReference; lastKnownFileType = sourcecode.swift; path = ScoreCell.swift; sourceTree = "<group>"; };
		1E3E13332DE5D59200781B24 /* TotalScoreCell.swift */ = {isa = PBXFileReference; lastKnownFileType = sourcecode.swift; path = TotalScoreCell.swift; sourceTree = "<group>"; };
		1E3E13352DE5FFBA00781B24 /* RoundPersistence.swift */ = {isa = PBXFileReference; lastKnownFileType = sourcecode.swift; path = RoundPersistence.swift; sourceTree = "<group>"; };
		1E3E13372DE71AEA00781B24 /* MainTabView.swift */ = {isa = PBXFileReference; lastKnownFileType = sourcecode.swift; path = MainTabView.swift; sourceTree = "<group>"; };
		1E3E13392DE71D4400781B24 /* HomeView.swift */ = {isa = PBXFileReference; lastKnownFileType = sourcecode.swift; path = HomeView.swift; sourceTree = "<group>"; };
		1E3E133B2DE87CF500781B24 /* CompanionStorage.swift */ = {isa = PBXFileReference; lastKnownFileType = sourcecode.swift; path = CompanionStorage.swift; sourceTree = "<group>"; };
		1E3E133F2DE8913A00781B24 /* WCSessionManager.swift */ = {isa = PBXFileReference; lastKnownFileType = sourcecode.swift; path = WCSessionManager.swift; sourceTree = "<group>"; };
		1E3E13422DE89C2100781B24 /* AppModel.swift */ = {isa = PBXFileReference; lastKnownFileType = sourcecode.swift; path = AppModel.swift; sourceTree = "<group>"; };
		1E3E13452DE89CB000781B24 /* WatchWCSessionManager.swift */ = {isa = PBXFileReference; lastKnownFileType = sourcecode.swift; path = WatchWCSessionManager.swift; sourceTree = "<group>"; };
		1E83D2F32DDB5ABC007A76B8 /* ScoreListView.swift */ = {isa = PBXFileReference; lastKnownFileType = sourcecode.swift; path = ScoreListView.swift; sourceTree = "<group>"; };
		1E83D2F52DDB65BD007A76B8 /* RoundStorage.swift */ = {isa = PBXFileReference; lastKnownFileType = sourcecode.swift; path = RoundStorage.swift; sourceTree = "<group>"; };
		1E83D2F82DDB6676007A76B8 /* HistoryView.swift */ = {isa = PBXFileReference; lastKnownFileType = sourcecode.swift; path = HistoryView.swift; sourceTree = "<group>"; };
		1E83D2FC2DDC08C8007A76B8 /* WatchScoreInputView.swift */ = {isa = PBXFileReference; lastKnownFileType = sourcecode.swift; path = WatchScoreInputView.swift; sourceTree = "<group>"; };
		1E92BCD02DEA0DF400E73B3A /* HoleScorePageView.swift */ = {isa = PBXFileReference; lastKnownFileType = sourcecode.swift; path = HoleScorePageView.swift; sourceTree = "<group>"; };
		1E94BEE72DD9D297004774F9 /* GolfScoreApp.app */ = {isa = PBXFileReference; explicitFileType = wrapper.application; includeInIndex = 0; path = GolfScoreApp.app; sourceTree = BUILT_PRODUCTS_DIR; };
		1E94BEEA2DD9D297004774F9 /* GolfScoreAppApp.swift */ = {isa = PBXFileReference; lastKnownFileType = sourcecode.swift; path = GolfScoreAppApp.swift; sourceTree = "<group>"; };
		1E94BEEC2DD9D297004774F9 /* ContentView.swift */ = {isa = PBXFileReference; lastKnownFileType = sourcecode.swift; path = ContentView.swift; sourceTree = "<group>"; };
		1E94BEEE2DD9D299004774F9 /* Assets.xcassets */ = {isa = PBXFileReference; lastKnownFileType = folder.assetcatalog; path = Assets.xcassets; sourceTree = "<group>"; };
		1E94BEF12DD9D299004774F9 /* Preview Assets.xcassets */ = {isa = PBXFileReference; lastKnownFileType = folder.assetcatalog; path = "Preview Assets.xcassets"; sourceTree = "<group>"; };
		1E94BEF72DD9D299004774F9 /* GolfScoreApp Watch App.app */ = {isa = PBXFileReference; explicitFileType = wrapper.application; includeInIndex = 0; path = "GolfScoreApp Watch App.app"; sourceTree = BUILT_PRODUCTS_DIR; };
		1E94BEFC2DD9D299004774F9 /* GolfScoreAppApp.swift */ = {isa = PBXFileReference; lastKnownFileType = sourcecode.swift; path = GolfScoreAppApp.swift; sourceTree = "<group>"; };
		1E94BEFE2DD9D299004774F9 /* ContentView.swift */ = {isa = PBXFileReference; lastKnownFileType = sourcecode.swift; path = ContentView.swift; sourceTree = "<group>"; };
		1E94BF002DD9D299004774F9 /* Assets.xcassets */ = {isa = PBXFileReference; lastKnownFileType = folder.assetcatalog; path = Assets.xcassets; sourceTree = "<group>"; };
		1E94BF032DD9D299004774F9 /* Preview Assets.xcassets */ = {isa = PBXFileReference; lastKnownFileType = folder.assetcatalog; path = "Preview Assets.xcassets"; sourceTree = "<group>"; };
		1E9EB35D2DDB50DE00396315 /* Models.swift */ = {isa = PBXFileReference; lastKnownFileType = sourcecode.swift; path = Models.swift; sourceTree = "<group>"; };
		1E9EB3612DDB51BE00396315 /* RoundSetupView.swift */ = {isa = PBXFileReference; lastKnownFileType = sourcecode.swift; path = RoundSetupView.swift; sourceTree = "<group>"; };
		1E9EB3632DDB565800396315 /* ScoreInputView.swift */ = {isa = PBXFileReference; lastKnownFileType = sourcecode.swift; path = ScoreInputView.swift; sourceTree = "<group>"; };
/* End PBXFileReference section */

/* Begin PBXFrameworksBuildPhase section */
		1E94BEE42DD9D297004774F9 /* Frameworks */ = {
			isa = PBXFrameworksBuildPhase;
			buildActionMask = 2147483647;
			files = (
			);
			runOnlyForDeploymentPostprocessing = 0;
		};
		1E94BEF42DD9D299004774F9 /* Frameworks */ = {
			isa = PBXFrameworksBuildPhase;
			buildActionMask = 2147483647;
			files = (
			);
			runOnlyForDeploymentPostprocessing = 0;
		};
/* End PBXFrameworksBuildPhase section */

/* Begin PBXGroup section */
		1E3E133E2DE8912400781B24 /* Managers */ = {
			isa = PBXGroup;
			children = (
				1E3E133F2DE8913A00781B24 /* WCSessionManager.swift */,
			);
			path = Managers;
			sourceTree = "<group>";
		};
		1E3E13442DE89C9800781B24 /* Managers */ = {
			isa = PBXGroup;
			children = (
				1E3E13452DE89CB000781B24 /* WatchWCSessionManager.swift */,
			);
			path = Managers;
			sourceTree = "<group>";
		};
		1E83D2FB2DDC08A1007A76B8 /* Views */ = {
			isa = PBXGroup;
			children = (
				1E83D2FC2DDC08C8007A76B8 /* WatchScoreInputView.swift */,
				1E92BCD02DEA0DF400E73B3A /* HoleScorePageView.swift */,
			);
			path = Views;
			sourceTree = "<group>";
		};
		1E94BEDE2DD9D296004774F9 = {
			isa = PBXGroup;
			children = (
				1E94BEE92DD9D297004774F9 /* GolfScoreApp */,
				1E94BEFB2DD9D299004774F9 /* GolfScoreApp Watch App */,
				1E94BEE82DD9D297004774F9 /* Products */,
			);
			sourceTree = "<group>";
		};
		1E94BEE82DD9D297004774F9 /* Products */ = {
			isa = PBXGroup;
			children = (
				1E94BEE72DD9D297004774F9 /* GolfScoreApp.app */,
				1E94BEF72DD9D299004774F9 /* GolfScoreApp Watch App.app */,
			);
			name = Products;
			sourceTree = "<group>";
		};
		1E94BEE92DD9D297004774F9 /* GolfScoreApp */ = {
			isa = PBXGroup;
			children = (
				1E3E133E2DE8912400781B24 /* Managers */,
				1E9EB3602DDB519D00396315 /* Views */,
				1E9EB35C2DDB50C800396315 /* Models */,
				1E94BEEA2DD9D297004774F9 /* GolfScoreAppApp.swift */,
				1E94BEEC2DD9D297004774F9 /* ContentView.swift */,
				1E94BEEE2DD9D299004774F9 /* Assets.xcassets */,
				1E94BEF02DD9D299004774F9 /* Preview Content */,
				1E83D2F52DDB65BD007A76B8 /* RoundStorage.swift */,
				1E3E13352DE5FFBA00781B24 /* RoundPersistence.swift */,
				1E3E133B2DE87CF500781B24 /* CompanionStorage.swift */,
			);
			path = GolfScoreApp;
			sourceTree = "<group>";
		};
		1E94BEF02DD9D299004774F9 /* Preview Content */ = {
			isa = PBXGroup;
			children = (
				1E94BEF12DD9D299004774F9 /* Preview Assets.xcassets */,
			);
			path = "Preview Content";
			sourceTree = "<group>";
		};
		1E94BEFB2DD9D299004774F9 /* GolfScoreApp Watch App */ = {
			isa = PBXGroup;
			children = (
				1E3E13442DE89C9800781B24 /* Managers */,
				1E83D2FB2DDC08A1007A76B8 /* Views */,
				1E94BEFC2DD9D299004774F9 /* GolfScoreAppApp.swift */,
				1E94BEFE2DD9D299004774F9 /* ContentView.swift */,
				1E94BF002DD9D299004774F9 /* Assets.xcassets */,
				1E94BF022DD9D299004774F9 /* Preview Content */,
			);
			path = "GolfScoreApp Watch App";
			sourceTree = "<group>";
		};
		1E94BF022DD9D299004774F9 /* Preview Content */ = {
			isa = PBXGroup;
			children = (
				1E94BF032DD9D299004774F9 /* Preview Assets.xcassets */,
			);
			path = "Preview Content";
			sourceTree = "<group>";
		};
		1E9EB35C2DDB50C800396315 /* Models */ = {
			isa = PBXGroup;
			children = (
				1E9EB35D2DDB50DE00396315 /* Models.swift */,
				1E3E13422DE89C2100781B24 /* AppModel.swift */,
			);
			path = Models;
			sourceTree = "<group>";
		};
		1E9EB3602DDB519D00396315 /* Views */ = {
			isa = PBXGroup;
			children = (
				1E9EB3612DDB51BE00396315 /* RoundSetupView.swift */,
				1E9EB3632DDB565800396315 /* ScoreInputView.swift */,
				1E83D2F32DDB5ABC007A76B8 /* ScoreListView.swift */,
				1E83D2F82DDB6676007A76B8 /* HistoryView.swift */,
				1E3E13312DE5D14F00781B24 /* ScoreCell.swift */,
				1E3E13332DE5D59200781B24 /* TotalScoreCell.swift */,
				1E3E13372DE71AEA00781B24 /* MainTabView.swift */,
				1E3E13392DE71D4400781B24 /* HomeView.swift */,
			);
			path = Views;
			sourceTree = "<group>";
		};
/* End PBXGroup section */

/* Begin PBXNativeTarget section */
		1E94BEE62DD9D297004774F9 /* GolfScoreApp */ = {
			isa = PBXNativeTarget;
			buildConfigurationList = 1E94BF0B2DD9D299004774F9 /* Build configuration list for PBXNativeTarget "GolfScoreApp" */;
			buildPhases = (
				1E94BEE32DD9D297004774F9 /* Sources */,
				1E94BEE42DD9D297004774F9 /* Frameworks */,
				1E94BEE52DD9D297004774F9 /* Resources */,
				1E94BF0A2DD9D299004774F9 /* Embed Watch Content */,
			);
			buildRules = (
			);
			dependencies = (
				1E94BEFA2DD9D299004774F9 /* PBXTargetDependency */,
			);
			name = GolfScoreApp;
			productName = GolfScoreApp;
			productReference = 1E94BEE72DD9D297004774F9 /* GolfScoreApp.app */;
			productType = "com.apple.product-type.application";
		};
		1E94BEF62DD9D299004774F9 /* GolfScoreApp Watch App */ = {
			isa = PBXNativeTarget;
			buildConfigurationList = 1E94BF072DD9D299004774F9 /* Build configuration list for PBXNativeTarget "GolfScoreApp Watch App" */;
			buildPhases = (
				1E94BEF32DD9D299004774F9 /* Sources */,
				1E94BEF42DD9D299004774F9 /* Frameworks */,
				1E94BEF52DD9D299004774F9 /* Resources */,
			);
			buildRules = (
			);
			dependencies = (
			);
			name = "GolfScoreApp Watch App";
			productName = "GolfScoreApp Watch App";
			productReference = 1E94BEF72DD9D299004774F9 /* GolfScoreApp Watch App.app */;
			productType = "com.apple.product-type.application";
		};
/* End PBXNativeTarget section */

/* Begin PBXProject section */
		1E94BEDF2DD9D296004774F9 /* Project object */ = {
			isa = PBXProject;
			attributes = {
				BuildIndependentTargetsInParallel = 1;
				LastSwiftUpdateCheck = 1540;
				LastUpgradeCheck = 1540;
				TargetAttributes = {
					1E94BEE62DD9D297004774F9 = {
						CreatedOnToolsVersion = 15.4;
					};
					1E94BEF62DD9D299004774F9 = {
						CreatedOnToolsVersion = 15.4;
					};
				};
			};
			buildConfigurationList = 1E94BEE22DD9D296004774F9 /* Build configuration list for PBXProject "GolfScoreApp" */;
			compatibilityVersion = "Xcode 14.0";
			developmentRegion = en;
			hasScannedForEncodings = 0;
			knownRegions = (
				en,
				Base,
			);
			mainGroup = 1E94BEDE2DD9D296004774F9;
			productRefGroup = 1E94BEE82DD9D297004774F9 /* Products */;
			projectDirPath = "";
			projectRoot = "";
			targets = (
				1E94BEE62DD9D297004774F9 /* GolfScoreApp */,
				1E94BEF62DD9D299004774F9 /* GolfScoreApp Watch App */,
			);
		};
/* End PBXProject section */

/* Begin PBXResourcesBuildPhase section */
		1E94BEE52DD9D297004774F9 /* Resources */ = {
			isa = PBXResourcesBuildPhase;
			buildActionMask = 2147483647;
			files = (
				1E94BEF22DD9D299004774F9 /* Preview Assets.xcassets in Resources */,
				1E94BEEF2DD9D299004774F9 /* Assets.xcassets in Resources */,
			);
			runOnlyForDeploymentPostprocessing = 0;
		};
		1E94BEF52DD9D299004774F9 /* Resources */ = {
			isa = PBXResourcesBuildPhase;
			buildActionMask = 2147483647;
			files = (
				1E94BF042DD9D299004774F9 /* Preview Assets.xcassets in Resources */,
				1E94BF012DD9D299004774F9 /* Assets.xcassets in Resources */,
			);
			runOnlyForDeploymentPostprocessing = 0;
		};
/* End PBXResourcesBuildPhase section */

/* Begin PBXSourcesBuildPhase section */
		1E94BEE32DD9D297004774F9 /* Sources */ = {
			isa = PBXSourcesBuildPhase;
			buildActionMask = 2147483647;
			files = (
				1E9EB3642DDB565900396315 /* ScoreInputView.swift in Sources */,
				1E3E133A2DE71D4400781B24 /* HomeView.swift in Sources */,
				1E83D2F92DDB6676007A76B8 /* HistoryView.swift in Sources */,
				1E3E13362DE5FFBA00781B24 /* RoundPersistence.swift in Sources */,
				1E3E133C2DE87CF500781B24 /* CompanionStorage.swift in Sources */,
				1E94BEED2DD9D297004774F9 /* ContentView.swift in Sources */,
				1E3E13342DE5D59200781B24 /* TotalScoreCell.swift in Sources */,
				1E9EB35E2DDB50DE00396315 /* Models.swift in Sources */,
				1E83D2F62DDB65BD007A76B8 /* RoundStorage.swift in Sources */,
				1E3E13382DE71AEA00781B24 /* MainTabView.swift in Sources */,
				1E3E13402DE8913A00781B24 /* WCSessionManager.swift in Sources */,
				1E3E13432DE89C2100781B24 /* AppModel.swift in Sources */,
				1E83D2F42DDB5ABC007A76B8 /* ScoreListView.swift in Sources */,
				1E9EB3622DDB51BE00396315 /* RoundSetupView.swift in Sources */,
				1E94BEEB2DD9D297004774F9 /* GolfScoreAppApp.swift in Sources */,
				1E3E13322DE5D14F00781B24 /* ScoreCell.swift in Sources */,
			);
			runOnlyForDeploymentPostprocessing = 0;
		};
		1E94BEF32DD9D299004774F9 /* Sources */ = {
			isa = PBXSourcesBuildPhase;
			buildActionMask = 2147483647;
			files = (
				1E94BEFF2DD9D299004774F9 /* ContentView.swift in Sources */,
				1E9EB35F2DDB50DE00396315 /* Models.swift in Sources */,
				1E83D2F72DDB65BD007A76B8 /* RoundStorage.swift in Sources */,
				1E94BEFD2DD9D299004774F9 /* GolfScoreAppApp.swift in Sources */,
				1E83D2FE2DDC08C8007A76B8 /* WatchScoreInputView.swift in Sources */,
				1E3E13462DE89CB000781B24 /* WatchWCSessionManager.swift in Sources */,
				1E92BCD12DEA0DF400E73B3A /* HoleScorePageView.swift in Sources */,
			);
			runOnlyForDeploymentPostprocessing = 0;
		};
/* End PBXSourcesBuildPhase section */

/* Begin PBXTargetDependency section */
		1E94BEFA2DD9D299004774F9 /* PBXTargetDependency */ = {
			isa = PBXTargetDependency;
			target = 1E94BEF62DD9D299004774F9 /* GolfScoreApp Watch App */;
			targetProxy = 1E94BEF92DD9D299004774F9 /* PBXContainerItemProxy */;
		};
/* End PBXTargetDependency section */

/* Begin XCBuildConfiguration section */
		1E94BF052DD9D299004774F9 /* Debug */ = {
			isa = XCBuildConfiguration;
			buildSettings = {
				ALWAYS_SEARCH_USER_PATHS = NO;
				ASSETCATALOG_COMPILER_GENERATE_SWIFT_ASSET_SYMBOL_EXTENSIONS = YES;
				CLANG_ANALYZER_NONNULL = YES;
				CLANG_ANALYZER_NUMBER_OBJECT_CONVERSION = YES_AGGRESSIVE;
				CLANG_CXX_LANGUAGE_STANDARD = "gnu++20";
				CLANG_ENABLE_MODULES = YES;
				CLANG_ENABLE_OBJC_ARC = YES;
				CLANG_ENABLE_OBJC_WEAK = YES;
				CLANG_WARN_BLOCK_CAPTURE_AUTORELEASING = YES;
				CLANG_WARN_BOOL_CONVERSION = YES;
				CLANG_WARN_COMMA = YES;
				CLANG_WARN_CONSTANT_CONVERSION = YES;
				CLANG_WARN_DEPRECATED_OBJC_IMPLEMENTATIONS = YES;
				CLANG_WARN_DIRECT_OBJC_ISA_USAGE = YES_ERROR;
				CLANG_WARN_DOCUMENTATION_COMMENTS = YES;
				CLANG_WARN_EMPTY_BODY = YES;
				CLANG_WARN_ENUM_CONVERSION = YES;
				CLANG_WARN_INFINITE_RECURSION = YES;
				CLANG_WARN_INT_CONVERSION = YES;
				CLANG_WARN_NON_LITERAL_NULL_CONVERSION = YES;
				CLANG_WARN_OBJC_IMPLICIT_RETAIN_SELF = YES;
				CLANG_WARN_OBJC_LITERAL_CONVERSION = YES;
				CLANG_WARN_OBJC_ROOT_CLASS = YES_ERROR;
				CLANG_WARN_QUOTED_INCLUDE_IN_FRAMEWORK_HEADER = YES;
				CLANG_WARN_RANGE_LOOP_ANALYSIS = YES;
				CLANG_WARN_STRICT_PROTOTYPES = YES;
				CLANG_WARN_SUSPICIOUS_MOVE = YES;
				CLANG_WARN_UNGUARDED_AVAILABILITY = YES_AGGRESSIVE;
				CLANG_WARN_UNREACHABLE_CODE = YES;
				CLANG_WARN__DUPLICATE_METHOD_MATCH = YES;
				COPY_PHASE_STRIP = NO;
				DEBUG_INFORMATION_FORMAT = dwarf;
				ENABLE_STRICT_OBJC_MSGSEND = YES;
				ENABLE_TESTABILITY = YES;
				ENABLE_USER_SCRIPT_SANDBOXING = YES;
				GCC_C_LANGUAGE_STANDARD = gnu17;
				GCC_DYNAMIC_NO_PIC = NO;
				GCC_NO_COMMON_BLOCKS = YES;
				GCC_OPTIMIZATION_LEVEL = 0;
				GCC_PREPROCESSOR_DEFINITIONS = (
					"DEBUG=1",
					"$(inherited)",
				);
				GCC_WARN_64_TO_32_BIT_CONVERSION = YES;
				GCC_WARN_ABOUT_RETURN_TYPE = YES_ERROR;
				GCC_WARN_UNDECLARED_SELECTOR = YES;
				GCC_WARN_UNINITIALIZED_AUTOS = YES_AGGRESSIVE;
				GCC_WARN_UNUSED_FUNCTION = YES;
				GCC_WARN_UNUSED_VARIABLE = YES;
				LOCALIZATION_PREFERS_STRING_CATALOGS = YES;
				MTL_ENABLE_DEBUG_INFO = INCLUDE_SOURCE;
				MTL_FAST_MATH = YES;
				ONLY_ACTIVE_ARCH = YES;
				SWIFT_ACTIVE_COMPILATION_CONDITIONS = "DEBUG $(inherited)";
				SWIFT_OPTIMIZATION_LEVEL = "-Onone";
			};
			name = Debug;
		};
		1E94BF062DD9D299004774F9 /* Release */ = {
			isa = XCBuildConfiguration;
			buildSettings = {
				ALWAYS_SEARCH_USER_PATHS = NO;
				ASSETCATALOG_COMPILER_GENERATE_SWIFT_ASSET_SYMBOL_EXTENSIONS = YES;
				CLANG_ANALYZER_NONNULL = YES;
				CLANG_ANALYZER_NUMBER_OBJECT_CONVERSION = YES_AGGRESSIVE;
				CLANG_CXX_LANGUAGE_STANDARD = "gnu++20";
				CLANG_ENABLE_MODULES = YES;
				CLANG_ENABLE_OBJC_ARC = YES;
				CLANG_ENABLE_OBJC_WEAK = YES;
				CLANG_WARN_BLOCK_CAPTURE_AUTORELEASING = YES;
				CLANG_WARN_BOOL_CONVERSION = YES;
				CLANG_WARN_COMMA = YES;
				CLANG_WARN_CONSTANT_CONVERSION = YES;
				CLANG_WARN_DEPRECATED_OBJC_IMPLEMENTATIONS = YES;
				CLANG_WARN_DIRECT_OBJC_ISA_USAGE = YES_ERROR;
				CLANG_WARN_DOCUMENTATION_COMMENTS = YES;
				CLANG_WARN_EMPTY_BODY = YES;
				CLANG_WARN_ENUM_CONVERSION = YES;
				CLANG_WARN_INFINITE_RECURSION = YES;
				CLANG_WARN_INT_CONVERSION = YES;
				CLANG_WARN_NON_LITERAL_NULL_CONVERSION = YES;
				CLANG_WARN_OBJC_IMPLICIT_RETAIN_SELF = YES;
				CLANG_WARN_OBJC_LITERAL_CONVERSION = YES;
				CLANG_WARN_OBJC_ROOT_CLASS = YES_ERROR;
				CLANG_WARN_QUOTED_INCLUDE_IN_FRAMEWORK_HEADER = YES;
				CLANG_WARN_RANGE_LOOP_ANALYSIS = YES;
				CLANG_WARN_STRICT_PROTOTYPES = YES;
				CLANG_WARN_SUSPICIOUS_MOVE = YES;
				CLANG_WARN_UNGUARDED_AVAILABILITY = YES_AGGRESSIVE;
				CLANG_WARN_UNREACHABLE_CODE = YES;
				CLANG_WARN__DUPLICATE_METHOD_MATCH = YES;
				COPY_PHASE_STRIP = NO;
				DEBUG_INFORMATION_FORMAT = "dwarf-with-dsym";
				ENABLE_NS_ASSERTIONS = NO;
				ENABLE_STRICT_OBJC_MSGSEND = YES;
				ENABLE_USER_SCRIPT_SANDBOXING = YES;
				GCC_C_LANGUAGE_STANDARD = gnu17;
				GCC_NO_COMMON_BLOCKS = YES;
				GCC_WARN_64_TO_32_BIT_CONVERSION = YES;
				GCC_WARN_ABOUT_RETURN_TYPE = YES_ERROR;
				GCC_WARN_UNDECLARED_SELECTOR = YES;
				GCC_WARN_UNINITIALIZED_AUTOS = YES_AGGRESSIVE;
				GCC_WARN_UNUSED_FUNCTION = YES;
				GCC_WARN_UNUSED_VARIABLE = YES;
				LOCALIZATION_PREFERS_STRING_CATALOGS = YES;
				MTL_ENABLE_DEBUG_INFO = NO;
				MTL_FAST_MATH = YES;
				SWIFT_COMPILATION_MODE = wholemodule;
			};
			name = Release;
		};
		1E94BF082DD9D299004774F9 /* Debug */ = {
			isa = XCBuildConfiguration;
			buildSettings = {
				ASSETCATALOG_COMPILER_APPICON_NAME = AppIcon;
				ASSETCATALOG_COMPILER_GLOBAL_ACCENT_COLOR_NAME = AccentColor;
				CODE_SIGN_STYLE = Automatic;
				CURRENT_PROJECT_VERSION = 1;
				DEVELOPMENT_ASSET_PATHS = "\"GolfScoreApp Watch App/Preview Content\"";
				DEVELOPMENT_TEAM = 45ND33F3PC;
				ENABLE_PREVIEWS = YES;
				GENERATE_INFOPLIST_FILE = YES;
				INFOPLIST_KEY_CFBundleDisplayName = GolfScoreApp;
				INFOPLIST_KEY_UISupportedInterfaceOrientations = "UIInterfaceOrientationPortrait UIInterfaceOrientationPortraitUpsideDown";
				INFOPLIST_KEY_WKCompanionAppBundleIdentifier = so4.GolfScoreApp;
				LD_RUNPATH_SEARCH_PATHS = (
					"$(inherited)",
					"@executable_path/Frameworks",
				);
				MARKETING_VERSION = 1.0;
				PRODUCT_BUNDLE_IDENTIFIER = so4.GolfScoreApp.watchkitapp;
				PRODUCT_NAME = "$(TARGET_NAME)";
				SDKROOT = watchos;
				SKIP_INSTALL = YES;
				SWIFT_EMIT_LOC_STRINGS = YES;
				SWIFT_VERSION = 5.0;
				TARGETED_DEVICE_FAMILY = 4;
				WATCHOS_DEPLOYMENT_TARGET = 10.5;
			};
			name = Debug;
		};
		1E94BF092DD9D299004774F9 /* Release */ = {
			isa = XCBuildConfiguration;
			buildSettings = {
				ASSETCATALOG_COMPILER_APPICON_NAME = AppIcon;
				ASSETCATALOG_COMPILER_GLOBAL_ACCENT_COLOR_NAME = AccentColor;
				CODE_SIGN_STYLE = Automatic;
				CURRENT_PROJECT_VERSION = 1;
				DEVELOPMENT_ASSET_PATHS = "\"GolfScoreApp Watch App/Preview Content\"";
				DEVELOPMENT_TEAM = 45ND33F3PC;
				ENABLE_PREVIEWS = YES;
				GENERATE_INFOPLIST_FILE = YES;
				INFOPLIST_KEY_CFBundleDisplayName = GolfScoreApp;
				INFOPLIST_KEY_UISupportedInterfaceOrientations = "UIInterfaceOrientationPortrait UIInterfaceOrientationPortraitUpsideDown";
				INFOPLIST_KEY_WKCompanionAppBundleIdentifier = so4.GolfScoreApp;
				LD_RUNPATH_SEARCH_PATHS = (
					"$(inherited)",
					"@executable_path/Frameworks",
				);
				MARKETING_VERSION = 1.0;
				PRODUCT_BUNDLE_IDENTIFIER = so4.GolfScoreApp.watchkitapp;
				PRODUCT_NAME = "$(TARGET_NAME)";
				SDKROOT = watchos;
				SKIP_INSTALL = YES;
				SWIFT_EMIT_LOC_STRINGS = YES;
				SWIFT_VERSION = 5.0;
				TARGETED_DEVICE_FAMILY = 4;
				VALIDATE_PRODUCT = YES;
				WATCHOS_DEPLOYMENT_TARGET = 10.5;
			};
			name = Release;
		};
		1E94BF0C2DD9D299004774F9 /* Debug */ = {
			isa = XCBuildConfiguration;
			buildSettings = {
				ALWAYS_EMBED_SWIFT_STANDARD_LIBRARIES = YES;
				ASSETCATALOG_COMPILER_APPICON_NAME = AppIcon;
				ASSETCATALOG_COMPILER_GLOBAL_ACCENT_COLOR_NAME = AccentColor;
				CODE_SIGN_STYLE = Automatic;
				CURRENT_PROJECT_VERSION = 1;
				DEVELOPMENT_ASSET_PATHS = "\"GolfScoreApp/Preview Content\"";
				DEVELOPMENT_TEAM = 45ND33F3PC;
				ENABLE_PREVIEWS = YES;
				GENERATE_INFOPLIST_FILE = YES;
				INFOPLIST_KEY_CFBundleDisplayName = GolfScoreApp;
				INFOPLIST_KEY_UIApplicationSceneManifest_Generation = YES;
				INFOPLIST_KEY_UIApplicationSupportsIndirectInputEvents = YES;
				INFOPLIST_KEY_UILaunchScreen_Generation = YES;
				INFOPLIST_KEY_UISupportedInterfaceOrientations_iPad = "UIInterfaceOrientationPortrait UIInterfaceOrientationPortraitUpsideDown UIInterfaceOrientationLandscapeLeft UIInterfaceOrientationLandscapeRight";
				INFOPLIST_KEY_UISupportedInterfaceOrientations_iPhone = "UIInterfaceOrientationPortrait UIInterfaceOrientationLandscapeLeft UIInterfaceOrientationLandscapeRight";
				IPHONEOS_DEPLOYMENT_TARGET = 17.5;
				LD_RUNPATH_SEARCH_PATHS = (
					"$(inherited)",
					"@executable_path/Frameworks",
				);
				MARKETING_VERSION = 1.0;
				PRODUCT_BUNDLE_IDENTIFIER = so4.GolfScoreApp;
				PRODUCT_NAME = "$(TARGET_NAME)";
				SDKROOT = iphoneos;
				SWIFT_EMIT_LOC_STRINGS = YES;
				SWIFT_VERSION = 5.0;
				TARGETED_DEVICE_FAMILY = "1,2";
			};
			name = Debug;
		};
		1E94BF0D2DD9D299004774F9 /* Release */ = {
			isa = XCBuildConfiguration;
			buildSettings = {
				ALWAYS_EMBED_SWIFT_STANDARD_LIBRARIES = YES;
				ASSETCATALOG_COMPILER_APPICON_NAME = AppIcon;
				ASSETCATALOG_COMPILER_GLOBAL_ACCENT_COLOR_NAME = AccentColor;
				CODE_SIGN_STYLE = Automatic;
				CURRENT_PROJECT_VERSION = 1;
				DEVELOPMENT_ASSET_PATHS = "\"GolfScoreApp/Preview Content\"";
				DEVELOPMENT_TEAM = 45ND33F3PC;
				ENABLE_PREVIEWS = YES;
				GENERATE_INFOPLIST_FILE = YES;
				INFOPLIST_KEY_CFBundleDisplayName = GolfScoreApp;
				INFOPLIST_KEY_UIApplicationSceneManifest_Generation = YES;
				INFOPLIST_KEY_UIApplicationSupportsIndirectInputEvents = YES;
				INFOPLIST_KEY_UILaunchScreen_Generation = YES;
				INFOPLIST_KEY_UISupportedInterfaceOrientations_iPad = "UIInterfaceOrientationPortrait UIInterfaceOrientationPortraitUpsideDown UIInterfaceOrientationLandscapeLeft UIInterfaceOrientationLandscapeRight";
				INFOPLIST_KEY_UISupportedInterfaceOrientations_iPhone = "UIInterfaceOrientationPortrait UIInterfaceOrientationLandscapeLeft UIInterfaceOrientationLandscapeRight";
				IPHONEOS_DEPLOYMENT_TARGET = 17.5;
				LD_RUNPATH_SEARCH_PATHS = (
					"$(inherited)",
					"@executable_path/Frameworks",
				);
				MARKETING_VERSION = 1.0;
				PRODUCT_BUNDLE_IDENTIFIER = so4.GolfScoreApp;
				PRODUCT_NAME = "$(TARGET_NAME)";
				SDKROOT = iphoneos;
				SWIFT_EMIT_LOC_STRINGS = YES;
				SWIFT_VERSION = 5.0;
				TARGETED_DEVICE_FAMILY = "1,2";
				VALIDATE_PRODUCT = YES;
			};
			name = Release;
		};
/* End XCBuildConfiguration section */

/* Begin XCConfigurationList section */
		1E94BEE22DD9D296004774F9 /* Build configuration list for PBXProject "GolfScoreApp" */ = {
			isa = XCConfigurationList;
			buildConfigurations = (
				1E94BF052DD9D299004774F9 /* Debug */,
				1E94BF062DD9D299004774F9 /* Release */,
			);
			defaultConfigurationIsVisible = 0;
			defaultConfigurationName = Release;
		};
		1E94BF072DD9D299004774F9 /* Build configuration list for PBXNativeTarget "GolfScoreApp Watch App" */ = {
			isa = XCConfigurationList;
			buildConfigurations = (
				1E94BF082DD9D299004774F9 /* Debug */,
				1E94BF092DD9D299004774F9 /* Release */,
			);
			defaultConfigurationIsVisible = 0;
			defaultConfigurationName = Release;
		};
		1E94BF0B2DD9D299004774F9 /* Build configuration list for PBXNativeTarget "GolfScoreApp" */ = {
			isa = XCConfigurationList;
			buildConfigurations = (
				1E94BF0C2DD9D299004774F9 /* Debug */,
				1E94BF0D2DD9D299004774F9 /* Release */,
			);
			defaultConfigurationIsVisible = 0;
			defaultConfigurationName = Release;
		};
/* End XCConfigurationList section */
	};
	rootObject = 1E94BEDF2DD9D296004774F9 /* Project object */;
}
